
Microsoft Visual Studio Solution File, Format Version 12.00
# Visual Studio Version 17
VisualStudioVersion = 17.6.33723.286
MinimumVisualStudioVersion = 10.0.40219.1
Project("{9A19103F-16F7-4668-BE54-9A1E7A4F7556}") = "WpfApp", "WpfApp\WpfApp.csproj", "{F6FFCE64-790E-48B3-B05E-C3C2F9B158A7}"
EndProject
Project("{9A19103F-16F7-4668-BE54-9A1E7A4F7556}") = "DocumentAssistantLibrary", "DocumentAssistantLibrary\DocumentAssistantLibrary.csproj", "{AFBA2202-675D-4E84-BFCB-2BE547AAA698}"
EndProject
Project("{54435603-DBB4-11D2-8724-00A0C9A8B90C}") = "DocumentAssistantSetup", "DocumentAssistantSetup\DocumentAssistantSetup.vdproj", "{A29AA2D5-7F52-4655-9937-CA428CE83A3A}"
EndProject
Global
	GlobalSection(SolutionConfigurationPlatforms) = preSolution
		Debug|Any CPU = Debug|Any CPU
		Release|Any CPU = Release|Any CPU
	EndGlobalSection
	GlobalSection(ProjectConfigurationPlatforms) = postSolution
		{F6FFCE64-790E-48B3-B05E-C3C2F9B158A7}.Debug|Any CPU.ActiveCfg = Debug|Any CPU
		{F6FFCE64-790E-48B3-B05E-C3C2F9B158A7}.Debug|Any CPU.Build.0 = Debug|Any CPU
		{F6FFCE64-790E-48B3-B05E-C3C2F9B158A7}.Release|Any CPU.ActiveCfg = Release|Any CPU
		{F6FFCE64-790E-48B3-B05E-C3C2F9B158A7}.Release|Any CPU.Build.0 = Release|Any CPU
		{AFBA2202-675D-4E84-BFCB-2BE547AAA698}.Debug|Any CPU.ActiveCfg = Debug|Any CPU
		{AFBA2202-675D-4E84-BFCB-2BE547AAA698}.Debug|Any CPU.Build.0 = Debug|Any CPU
		{AFBA2202-675D-4E84-BFCB-2BE547AAA698}.Release|Any CPU.ActiveCfg = Release|Any CPU
		{AFBA2202-675D-4E84-BFCB-2BE547AAA698}.Release|Any CPU.Build.0 = Release|Any CPU
		{A29AA2D5-7F52-4655-9937-CA428CE83A3A}.Debug|Any CPU.ActiveCfg = Debug
		{A29AA2D5-7F52-4655-9937-CA428CE83A3A}.Release|Any CPU.ActiveCfg = Release
	EndGlobalSection
	GlobalSection(SolutionProperties) = preSolution
		HideSolutionNode = FALSE
	EndGlobalSection
	GlobalSection(ExtensibilityGlobals) = postSolution
		SolutionGuid = {5F9DA156-05E4-488A-9513-B7E21C6DCEBC}
	EndGlobalSection
EndGlobal
