
Microsoft Visual Studio Solution File, Format Version 12.00
# Visual Studio Version 17
VisualStudioVersion = 17.6.33723.286
MinimumVisualStudioVersion = 10.0.40219.1
Project("{FAE04EC0-301F-11D3-BF4B-00C04F79EFBC}") = "WpfApp", "WpfApp\WpfApp.csproj", "{F6FFCE64-790E-48B3-B05E-C3C2F9B158A7}"
EndProject
Global
	GlobalSection(SolutionConfigurationPlatforms) = preSolution
		Debug|Any CPU = Debug|Any CPU
		Release|Any CPU = Release|Any CPU
	EndGlobalSection
	GlobalSection(ProjectConfigurationPlatforms) = postSolution
		{F6FFCE64-790E-48B3-B05E-C3C2F9B158A7}.Debug|Any CPU.ActiveCfg = Debug|Any CPU
		{F6FFCE64-790E-48B3-B05E-C3C2F9B158A7}.Debug|Any CPU.Build.0 = Debug|Any CPU
		{F6FFCE64-790E-48B3-B05E-C3C2F9B158A7}.Release|Any CPU.ActiveCfg = Release|Any CPU
		{F6FFCE64-790E-48B3-B05E-C3C2F9B158A7}.Release|Any CPU.Build.0 = Release|Any CPU
	EndGlobalSection
	GlobalSection(SolutionProperties) = preSolution
		HideSolutionNode = FALSE
	EndGlobalSection
	GlobalSection(ExtensibilityGlobals) = postSolution
		SolutionGuid = {5F9DA156-05E4-488A-9513-B7E21C6DCEBC}
	EndGlobalSection
EndGlobal
